
Microsoft Visual Studio Solution File, Format Version 12.00
# Visual Studio Version 17
VisualStudioVersion = 17.14.36804.6 d17.14
MinimumVisualStudioVersion = 10.0.40219.1
Project("{FAE04EC0-301F-11D3-BF4B-00C04F79EFBC}") = "GateKeeperPro", "GateKeeperPro\GateKeeperPro.csproj", "{BB299C69-1073-4CAC-84D9-B20A8B0EDB3D}"
EndProject
Project("{FAE04EC0-301F-11D3-BF4B-00C04F79EFBC}") = "GateKeeperPro.UI", "GateKeeperPro.UI\GateKeeperPro.UI.csproj", "{2F4F551E-6E08-4DD5-9872-539F5E83E981}"
EndProject
Global
	GlobalSection(SolutionConfigurationPlatforms) = preSolution
		Debug|Any CPU = Debug|Any CPU
		Release|Any CPU = Release|Any CPU
	EndGlobalSection
	GlobalSection(ProjectConfigurationPlatforms) = postSolution
		{BB299C69-1073-4CAC-84D9-B20A8B0EDB3D}.Debug|Any CPU.ActiveCfg = Debug|Any CPU
		{BB299C69-1073-4CAC-84D9-B20A8B0EDB3D}.Debug|Any CPU.Build.0 = Debug|Any CPU
		{BB299C69-1073-4CAC-84D9-B20A8B0EDB3D}.Release|Any CPU.ActiveCfg = Release|Any CPU
		{BB299C69-1073-4CAC-84D9-B20A8B0EDB3D}.Release|Any CPU.Build.0 = Release|Any CPU
		{2F4F551E-6E08-4DD5-9872-539F5E83E981}.Debug|Any CPU.ActiveCfg = Debug|Any CPU
		{2F4F551E-6E08-4DD5-9872-539F5E83E981}.Debug|Any CPU.Build.0 = Debug|Any CPU
		{2F4F551E-6E08-4DD5-9872-539F5E83E981}.Release|Any CPU.ActiveCfg = Release|Any CPU
		{2F4F551E-6E08-4DD5-9872-539F5E83E981}.Release|Any CPU.Build.0 = Release|Any CPU
	EndGlobalSection
	GlobalSection(SolutionProperties) = preSolution
		HideSolutionNode = FALSE
	EndGlobalSection
	GlobalSection(ExtensibilityGlobals) = postSolution
		SolutionGuid = {BA92AC0A-06AF-477A-A599-4161BBA0B7F7}
	EndGlobalSection
EndGlobal
